
Microsoft Visual Studio Solution File, Format Version 12.00
# Visual Studio 14
VisualStudioVersion = 14.0.25420.1
MinimumVisualStudioVersion = 10.0.40219.1
Project("{FAE04EC0-301F-11D3-BF4B-00C04F79EFBC}") = "BoooooJu.Service.Api", "BoooooJu.Service\BoooooJu.Service.Api\BoooooJu.Service.Api.csproj", "{E423EED6-5D6B-463C-A93C-3A38F5243829}"
EndProject
Project("{FAE04EC0-301F-11D3-BF4B-00C04F79EFBC}") = "BoooooJu.Service.Api.Dal", "BoooooJu.Service\BoooooJu.Service.Api.Dal\BoooooJu.Service.Api.Dal.csproj", "{C7A9DD0E-9D43-4F4E-88CA-1C18D51F896B}"
EndProject
Project("{FAE04EC0-301F-11D3-BF4B-00C04F79EFBC}") = "BoooooJu.Service.Api.Dto", "BoooooJu.Service\BoooooJu.Service.Api.Dto\BoooooJu.Service.Api.Dto.csproj", "{4187ADEF-BA1D-4BAB-BB85-00FAD699855B}"
EndProject
Project("{2150E333-8FDC-42A3-9474-1A3956D46DE8}") = "Tools", "Tools", "{040C9311-A527-41FB-AB09-74C35E1E5F1D}"
EndProject
Project("{FAE04EC0-301F-11D3-BF4B-00C04F79EFBC}") = "EntityModelCreater", "EntityModelCreater\EntityModelCreater.csproj", "{62DA226F-BE1B-47A9-81F7-018DCCDFB853}"
EndProject
Global
	GlobalSection(SolutionConfigurationPlatforms) = preSolution
		Debug|Any CPU = Debug|Any CPU
		Release|Any CPU = Release|Any CPU
	EndGlobalSection
	GlobalSection(ProjectConfigurationPlatforms) = postSolution
		{E423EED6-5D6B-463C-A93C-3A38F5243829}.Debug|Any CPU.ActiveCfg = Debug|Any CPU
		{E423EED6-5D6B-463C-A93C-3A38F5243829}.Debug|Any CPU.Build.0 = Debug|Any CPU
		{E423EED6-5D6B-463C-A93C-3A38F5243829}.Release|Any CPU.ActiveCfg = Release|Any CPU
		{E423EED6-5D6B-463C-A93C-3A38F5243829}.Release|Any CPU.Build.0 = Release|Any CPU
		{C7A9DD0E-9D43-4F4E-88CA-1C18D51F896B}.Debug|Any CPU.ActiveCfg = Debug|Any CPU
		{C7A9DD0E-9D43-4F4E-88CA-1C18D51F896B}.Debug|Any CPU.Build.0 = Debug|Any CPU
		{C7A9DD0E-9D43-4F4E-88CA-1C18D51F896B}.Release|Any CPU.ActiveCfg = Release|Any CPU
		{C7A9DD0E-9D43-4F4E-88CA-1C18D51F896B}.Release|Any CPU.Build.0 = Release|Any CPU
		{4187ADEF-BA1D-4BAB-BB85-00FAD699855B}.Debug|Any CPU.ActiveCfg = Debug|Any CPU
		{4187ADEF-BA1D-4BAB-BB85-00FAD699855B}.Debug|Any CPU.Build.0 = Debug|Any CPU
		{4187ADEF-BA1D-4BAB-BB85-00FAD699855B}.Release|Any CPU.ActiveCfg = Release|Any CPU
		{4187ADEF-BA1D-4BAB-BB85-00FAD699855B}.Release|Any CPU.Build.0 = Release|Any CPU
		{62DA226F-BE1B-47A9-81F7-018DCCDFB853}.Debug|Any CPU.ActiveCfg = Debug|Any CPU
		{62DA226F-BE1B-47A9-81F7-018DCCDFB853}.Debug|Any CPU.Build.0 = Debug|Any CPU
		{62DA226F-BE1B-47A9-81F7-018DCCDFB853}.Release|Any CPU.ActiveCfg = Release|Any CPU
		{62DA226F-BE1B-47A9-81F7-018DCCDFB853}.Release|Any CPU.Build.0 = Release|Any CPU
	EndGlobalSection
	GlobalSection(SolutionProperties) = preSolution
		HideSolutionNode = FALSE
	EndGlobalSection
	GlobalSection(NestedProjects) = preSolution
		{62DA226F-BE1B-47A9-81F7-018DCCDFB853} = {040C9311-A527-41FB-AB09-74C35E1E5F1D}
	EndGlobalSection
EndGlobal
