
Microsoft Visual Studio Solution File, Format Version 12.00
# Visual Studio 14
VisualStudioVersion = 14.0.24720.0
MinimumVisualStudioVersion = 10.0.40219.1
Project("{FAE04EC0-301F-11D3-BF4B-00C04F79EFBC}") = "BoooooJu.WeChat.Core", "BoooooJu.WeChat\BoooooJu.WeChat.Core\BoooooJu.WeChat.Core.csproj", "{5C2EF580-F7EB-4E95-9B25-BC81BDC00500}"
EndProject
Project("{FAE04EC0-301F-11D3-BF4B-00C04F79EFBC}") = "BoooooJu.WeChat.UI", "BoooooJu.WeChat\BoooooJu.WeChat.UI\BoooooJu.WeChat.UI.csproj", "{1011A7B6-0BF4-434B-B90F-E7745047719C}"
EndProject
Project("{FAE04EC0-301F-11D3-BF4B-00C04F79EFBC}") = "BoooooJu.WeChat.Core.Bus", "BoooooJu.WeChat\BoooooJu.WeChat.Core.Bus\BoooooJu.WeChat.Core.Bus.csproj", "{3F1CDBA6-055C-493F-A88D-3D7B5C0019C1}"
EndProject
Global
	GlobalSection(SubversionScc) = preSolution
		Svn-Managed = True
		Manager = AnkhSVN - Subversion Support for Visual Studio
	EndGlobalSection
	GlobalSection(SolutionConfigurationPlatforms) = preSolution
		Debug|Any CPU = Debug|Any CPU
		RELEASE NET40|Any CPU = RELEASE NET40|Any CPU
		RELEASE NET45|Any CPU = RELEASE NET45|Any CPU
		Release|Any CPU = Release|Any CPU
	EndGlobalSection
	GlobalSection(ProjectConfigurationPlatforms) = postSolution
		{5C2EF580-F7EB-4E95-9B25-BC81BDC00500}.Debug|Any CPU.ActiveCfg = Debug|Any CPU
		{5C2EF580-F7EB-4E95-9B25-BC81BDC00500}.Debug|Any CPU.Build.0 = Debug|Any CPU
		{5C2EF580-F7EB-4E95-9B25-BC81BDC00500}.RELEASE NET40|Any CPU.ActiveCfg = Release|Any CPU
		{5C2EF580-F7EB-4E95-9B25-BC81BDC00500}.RELEASE NET40|Any CPU.Build.0 = Release|Any CPU
		{5C2EF580-F7EB-4E95-9B25-BC81BDC00500}.RELEASE NET45|Any CPU.ActiveCfg = Release|Any CPU
		{5C2EF580-F7EB-4E95-9B25-BC81BDC00500}.RELEASE NET45|Any CPU.Build.0 = Release|Any CPU
		{5C2EF580-F7EB-4E95-9B25-BC81BDC00500}.Release|Any CPU.ActiveCfg = Release|Any CPU
		{5C2EF580-F7EB-4E95-9B25-BC81BDC00500}.Release|Any CPU.Build.0 = Release|Any CPU
		{1011A7B6-0BF4-434B-B90F-E7745047719C}.Debug|Any CPU.ActiveCfg = Debug|Any CPU
		{1011A7B6-0BF4-434B-B90F-E7745047719C}.Debug|Any CPU.Build.0 = Debug|Any CPU
		{1011A7B6-0BF4-434B-B90F-E7745047719C}.RELEASE NET40|Any CPU.ActiveCfg = Release|Any CPU
		{1011A7B6-0BF4-434B-B90F-E7745047719C}.RELEASE NET40|Any CPU.Build.0 = Release|Any CPU
		{1011A7B6-0BF4-434B-B90F-E7745047719C}.RELEASE NET45|Any CPU.ActiveCfg = Release|Any CPU
		{1011A7B6-0BF4-434B-B90F-E7745047719C}.RELEASE NET45|Any CPU.Build.0 = Release|Any CPU
		{1011A7B6-0BF4-434B-B90F-E7745047719C}.Release|Any CPU.ActiveCfg = Release|Any CPU
		{1011A7B6-0BF4-434B-B90F-E7745047719C}.Release|Any CPU.Build.0 = Release|Any CPU
		{3F1CDBA6-055C-493F-A88D-3D7B5C0019C1}.Debug|Any CPU.ActiveCfg = Debug|Any CPU
		{3F1CDBA6-055C-493F-A88D-3D7B5C0019C1}.Debug|Any CPU.Build.0 = Debug|Any CPU
		{3F1CDBA6-055C-493F-A88D-3D7B5C0019C1}.RELEASE NET40|Any CPU.ActiveCfg = Release|Any CPU
		{3F1CDBA6-055C-493F-A88D-3D7B5C0019C1}.RELEASE NET40|Any CPU.Build.0 = Release|Any CPU
		{3F1CDBA6-055C-493F-A88D-3D7B5C0019C1}.RELEASE NET45|Any CPU.ActiveCfg = Release|Any CPU
		{3F1CDBA6-055C-493F-A88D-3D7B5C0019C1}.RELEASE NET45|Any CPU.Build.0 = Release|Any CPU
		{3F1CDBA6-055C-493F-A88D-3D7B5C0019C1}.Release|Any CPU.ActiveCfg = Release|Any CPU
		{3F1CDBA6-055C-493F-A88D-3D7B5C0019C1}.Release|Any CPU.Build.0 = Release|Any CPU
	EndGlobalSection
	GlobalSection(SolutionProperties) = preSolution
		HideSolutionNode = FALSE
	EndGlobalSection
EndGlobal
