
Microsoft Visual Studio Solution File, Format Version 12.00
# Visual Studio 14
VisualStudioVersion = 14.0.25420.1
MinimumVisualStudioVersion = 10.0.40219.1
Project("{2150E333-8FDC-42A3-9474-1A3956D46DE8}") = "Common", "Common", "{D123FEB9-AD15-4806-93FE-206651A31794}"
EndProject
Project("{2150E333-8FDC-42A3-9474-1A3956D46DE8}") = "Demos", "Demos", "{A517BFC1-4EEB-48FA-B0D4-E48C8EC55F8F}"
EndProject
Project("{2150E333-8FDC-42A3-9474-1A3956D46DE8}") = "Common.Service", "Common.Service", "{000312FF-A46B-4D64-8FAC-2409713F9D76}"
EndProject
Project("{FAE04EC0-301F-11D3-BF4B-00C04F79EFBC}") = "Common.Core", "Common\Common.Service\Common.Core\Common.Core.csproj", "{63EE936D-A41E-44A6-9D04-9125833AC7CB}"
EndProject
Project("{FAE04EC0-301F-11D3-BF4B-00C04F79EFBC}") = "Common.Core.Test", "Common\Common.Service\Common.Core.Test\Common.Core.Test.csproj", "{6055F233-253B-4E7C-B278-A3494B5C29B0}"
EndProject
Project("{FAE04EC0-301F-11D3-BF4B-00C04F79EFBC}") = "Common.Service", "Common\Common.Service\Common.Service\Common.Service.csproj", "{A8C7D1B0-9FCB-4056-808E-2EB2A9DB2A4F}"
EndProject
Project("{FAE04EC0-301F-11D3-BF4B-00C04F79EFBC}") = "Common.Timer", "Common\Common.Timer\Common.Timer.csproj", "{0E6DEF37-1116-4137-9403-6EB28591757D}"
EndProject
Project("{2150E333-8FDC-42A3-9474-1A3956D46DE8}") = "BoooooJu.Web", "BoooooJu.Web", "{89824BC2-E103-4227-AE96-413E2D8FF332}"
EndProject
Project("{2150E333-8FDC-42A3-9474-1A3956D46DE8}") = "BoooooJu.Service", "BoooooJu.Service", "{0B6C6EDE-D11A-4D8F-A1DF-0DC4B935781F}"
EndProject
Project("{2150E333-8FDC-42A3-9474-1A3956D46DE8}") = "BoooooJu.WeChat", "BoooooJu.WeChat", "{D21C7402-D7F8-4D42-B453-BE8CB4DBCB46}"
EndProject
Project("{FAE04EC0-301F-11D3-BF4B-00C04F79EFBC}") = "BoooooJu.Web.Core", "BoooooJu.Web\BoooooJu.Web.Core\BoooooJu.Web.Core.csproj", "{006BFEB7-248B-4999-A81D-F9987A887DC6}"
EndProject
Project("{FAE04EC0-301F-11D3-BF4B-00C04F79EFBC}") = "BoooooJu.WeChat.Core", "BoooooJu.WeChat\BoooooJu.WeChat.Core\BoooooJu.WeChat.Core.csproj", "{5C2EF580-F7EB-4E95-9B25-BC81BDC00500}"
EndProject
Project("{FAE04EC0-301F-11D3-BF4B-00C04F79EFBC}") = "ConsoleDapper", "Demos\ConsoleDapper\ConsoleDapper.csproj", "{01766685-A673-4004-B032-3A358299DBFB}"
EndProject
Project("{FAE04EC0-301F-11D3-BF4B-00C04F79EFBC}") = "LittleDemon", "Demos\LittleDemon\LittleDemon.csproj", "{0BFDB1F0-7952-4A13-BC2B-D7C52FD29194}"
EndProject
Project("{E24C65DC-7377-472B-9ABA-BC803B73C61A}") = "AlipayDemo(1)", "Demos\AlipayDemo\", "{B89444DB-BD08-422C-A933-AE5DB433921B}"
	ProjectSection(SvnOrigin) = preProject
		@Keys = Enlist,Svn.Uri
		Enlist = Required
		Svn.Uri = Demos/AlipayDemo/
	EndProjectSection
	ProjectSection(WebsiteProperties) = preProject
		SccProjectName = "Svn"
		SccAuxPath = "Svn"
		SccLocalPath = "Svn"
		SccProvider = "SubversionScc"
		TargetFrameworkMoniker = ".NETFramework,Version%3Dv2.0"
		Debug.AspNetCompiler.VirtualPath = "/localhost_63878"
		Debug.AspNetCompiler.PhysicalPath = "Demos\AlipayDemo\"
		Debug.AspNetCompiler.TargetPath = "PrecompiledWeb\localhost_63878\"
		Debug.AspNetCompiler.Updateable = "true"
		Debug.AspNetCompiler.ForceOverwrite = "true"
		Debug.AspNetCompiler.FixedNames = "false"
		Debug.AspNetCompiler.Debug = "True"
		Release.AspNetCompiler.VirtualPath = "/localhost_63878"
		Release.AspNetCompiler.PhysicalPath = "Demos\AlipayDemo\"
		Release.AspNetCompiler.TargetPath = "PrecompiledWeb\localhost_63878\"
		Release.AspNetCompiler.Updateable = "true"
		Release.AspNetCompiler.ForceOverwrite = "true"
		Release.AspNetCompiler.FixedNames = "false"
		Release.AspNetCompiler.Debug = "False"
		VWDPort = "63878"
		SlnRelativePath = "Demos\AlipayDemo\"
	EndProjectSection
EndProject
Project("{FAE04EC0-301F-11D3-BF4B-00C04F79EFBC}") = "Common.Loger.Test", "Common\Conmmon.Loger.Test\Common.Loger.Test.csproj", "{AC081E13-FE5E-4E86-8CEB-76DEAB491C72}"
EndProject
Project("{FAE04EC0-301F-11D3-BF4B-00C04F79EFBC}") = "Common.DataGrabber", "Common\DataDrager\Common.DataGrabber.csproj", "{A70FD6AF-1586-4F3C-9B85-1D259AE8EFED}"
EndProject
Project("{FAE04EC0-301F-11D3-BF4B-00C04F79EFBC}") = "BoooooJu.Web.UI", "BoooooJu.Web\BoooooJu.Web.UI\BoooooJu.Web.UI.csproj", "{6C95A622-D6B9-4FB4-9185-D76D9794CC46}"
EndProject
Project("{FAE04EC0-301F-11D3-BF4B-00C04F79EFBC}") = "BoooooJu.WeChat.UI", "BoooooJu.WeChat\BoooooJu.WeChat.UI\BoooooJu.WeChat.UI.csproj", "{1011A7B6-0BF4-434B-B90F-E7745047719C}"
EndProject
Project("{FAE04EC0-301F-11D3-BF4B-00C04F79EFBC}") = "WebApplication1", "WebApplication1\WebApplication1.csproj", "{2278D0CE-4624-4EAF-A548-190491387CBF}"
EndProject
Project("{2150E333-8FDC-42A3-9474-1A3956D46DE8}") = "Common.Extensions", "Common.Extensions", "{DD720E4A-0B92-411F-A3AC-185C4E2AEAC3}"
EndProject
Project("{FAE04EC0-301F-11D3-BF4B-00C04F79EFBC}") = "Z.Core", "Common\Common.Extensions\Z.Core\Z.Core.csproj", "{02F009F8-720B-4CBD-98FF-F2C33F4441D5}"
EndProject
Project("{FAE04EC0-301F-11D3-BF4B-00C04F79EFBC}") = "PipelineDemo", "Demos\PipelineDemo\PipelineDemo.csproj", "{5F6DB58C-BBCF-458C-BD0B-39EAC8FDE47D}"
EndProject
Project("{2150E333-8FDC-42A3-9474-1A3956D46DE8}") = "Tool", "Tool", "{9EB6E8A2-36F0-4A45-B630-D0A2E0D71CA5}"
EndProject
Project("{FAE04EC0-301F-11D3-BF4B-00C04F79EFBC}") = "Common.Logger", "Common\Common.Logger\Common.Logger.csproj", "{2A391F75-1438-4526-A134-5329816062B9}"
EndProject
Project("{FAE04EC0-301F-11D3-BF4B-00C04F79EFBC}") = "ModelCreater", "BoooooJu.Web\ModelCreater\ModelCreater.csproj", "{8B0AD5D9-658C-48F1-9B46-24FE60B62933}"
EndProject
Project("{FAE04EC0-301F-11D3-BF4B-00C04F79EFBC}") = "BoooooJu.Web.Core.Test", "BoooooJu.Web\BoooooJu.Web.Core.Test\BoooooJu.Web.Core.Test.csproj", "{11311668-1447-44F7-89AF-DD1834DE0CB6}"
EndProject
Project("{FAE04EC0-301F-11D3-BF4B-00C04F79EFBC}") = "BoooooJu.Service.Api", "BoooooJu.Service\BoooooJu.Service.Api\BoooooJu.Service.Api.csproj", "{E423EED6-5D6B-463C-A93C-3A38F5243829}"
EndProject
Project("{FAE04EC0-301F-11D3-BF4B-00C04F79EFBC}") = "BoooooJu.Service.Api.Dal", "BoooooJu.Service\BoooooJu.Service.Api.Dal\BoooooJu.Service.Api.Dal.csproj", "{C7A9DD0E-9D43-4F4E-88CA-1C18D51F896B}"
EndProject
Project("{FAE04EC0-301F-11D3-BF4B-00C04F79EFBC}") = "BoooooJu.Service.Api.Dto", "BoooooJu.Service\BoooooJu.Service.Api.Dto\BoooooJu.Service.Api.Dto.csproj", "{4187ADEF-BA1D-4BAB-BB85-00FAD699855B}"
EndProject
Project("{FAE04EC0-301F-11D3-BF4B-00C04F79EFBC}") = "BoooooJu.Service.Api.Cache", "BoooooJu.Service\BoooooJu.Service.Api.Cache\BoooooJu.Service.Api.Cache.csproj", "{0945B326-2169-47FB-8C59-B80B47D7955A}"
EndProject
Global
	GlobalSection(SubversionScc) = preSolution
		Svn-Managed = True
		Manager = AnkhSVN - Subversion Support for Visual Studio
	EndGlobalSection
	GlobalSection(SolutionConfigurationPlatforms) = preSolution
		Debug|Any CPU = Debug|Any CPU
		RELEASE NET40|Any CPU = RELEASE NET40|Any CPU
		RELEASE NET45|Any CPU = RELEASE NET45|Any CPU
		Release|Any CPU = Release|Any CPU
	EndGlobalSection
	GlobalSection(ProjectConfigurationPlatforms) = postSolution
		{63EE936D-A41E-44A6-9D04-9125833AC7CB}.Debug|Any CPU.ActiveCfg = Debug|Any CPU
		{63EE936D-A41E-44A6-9D04-9125833AC7CB}.Debug|Any CPU.Build.0 = Debug|Any CPU
		{63EE936D-A41E-44A6-9D04-9125833AC7CB}.RELEASE NET40|Any CPU.ActiveCfg = Release|Any CPU
		{63EE936D-A41E-44A6-9D04-9125833AC7CB}.RELEASE NET40|Any CPU.Build.0 = Release|Any CPU
		{63EE936D-A41E-44A6-9D04-9125833AC7CB}.RELEASE NET45|Any CPU.ActiveCfg = Release|Any CPU
		{63EE936D-A41E-44A6-9D04-9125833AC7CB}.RELEASE NET45|Any CPU.Build.0 = Release|Any CPU
		{63EE936D-A41E-44A6-9D04-9125833AC7CB}.Release|Any CPU.ActiveCfg = Release|Any CPU
		{63EE936D-A41E-44A6-9D04-9125833AC7CB}.Release|Any CPU.Build.0 = Release|Any CPU
		{6055F233-253B-4E7C-B278-A3494B5C29B0}.Debug|Any CPU.ActiveCfg = Debug|Any CPU
		{6055F233-253B-4E7C-B278-A3494B5C29B0}.Debug|Any CPU.Build.0 = Debug|Any CPU
		{6055F233-253B-4E7C-B278-A3494B5C29B0}.RELEASE NET40|Any CPU.ActiveCfg = Release|Any CPU
		{6055F233-253B-4E7C-B278-A3494B5C29B0}.RELEASE NET40|Any CPU.Build.0 = Release|Any CPU
		{6055F233-253B-4E7C-B278-A3494B5C29B0}.RELEASE NET45|Any CPU.ActiveCfg = Release|Any CPU
		{6055F233-253B-4E7C-B278-A3494B5C29B0}.RELEASE NET45|Any CPU.Build.0 = Release|Any CPU
		{6055F233-253B-4E7C-B278-A3494B5C29B0}.Release|Any CPU.ActiveCfg = Release|Any CPU
		{6055F233-253B-4E7C-B278-A3494B5C29B0}.Release|Any CPU.Build.0 = Release|Any CPU
		{A8C7D1B0-9FCB-4056-808E-2EB2A9DB2A4F}.Debug|Any CPU.ActiveCfg = Debug|Any CPU
		{A8C7D1B0-9FCB-4056-808E-2EB2A9DB2A4F}.Debug|Any CPU.Build.0 = Debug|Any CPU
		{A8C7D1B0-9FCB-4056-808E-2EB2A9DB2A4F}.RELEASE NET40|Any CPU.ActiveCfg = Release|Any CPU
		{A8C7D1B0-9FCB-4056-808E-2EB2A9DB2A4F}.RELEASE NET40|Any CPU.Build.0 = Release|Any CPU
		{A8C7D1B0-9FCB-4056-808E-2EB2A9DB2A4F}.RELEASE NET45|Any CPU.ActiveCfg = Release|Any CPU
		{A8C7D1B0-9FCB-4056-808E-2EB2A9DB2A4F}.RELEASE NET45|Any CPU.Build.0 = Release|Any CPU
		{A8C7D1B0-9FCB-4056-808E-2EB2A9DB2A4F}.Release|Any CPU.ActiveCfg = Release|Any CPU
		{A8C7D1B0-9FCB-4056-808E-2EB2A9DB2A4F}.Release|Any CPU.Build.0 = Release|Any CPU
		{0E6DEF37-1116-4137-9403-6EB28591757D}.Debug|Any CPU.ActiveCfg = Debug|Any CPU
		{0E6DEF37-1116-4137-9403-6EB28591757D}.Debug|Any CPU.Build.0 = Debug|Any CPU
		{0E6DEF37-1116-4137-9403-6EB28591757D}.RELEASE NET40|Any CPU.ActiveCfg = Release|Any CPU
		{0E6DEF37-1116-4137-9403-6EB28591757D}.RELEASE NET40|Any CPU.Build.0 = Release|Any CPU
		{0E6DEF37-1116-4137-9403-6EB28591757D}.RELEASE NET45|Any CPU.ActiveCfg = Release|Any CPU
		{0E6DEF37-1116-4137-9403-6EB28591757D}.RELEASE NET45|Any CPU.Build.0 = Release|Any CPU
		{0E6DEF37-1116-4137-9403-6EB28591757D}.Release|Any CPU.ActiveCfg = Release|Any CPU
		{0E6DEF37-1116-4137-9403-6EB28591757D}.Release|Any CPU.Build.0 = Release|Any CPU
		{006BFEB7-248B-4999-A81D-F9987A887DC6}.Debug|Any CPU.ActiveCfg = Debug|Any CPU
		{006BFEB7-248B-4999-A81D-F9987A887DC6}.Debug|Any CPU.Build.0 = Debug|Any CPU
		{006BFEB7-248B-4999-A81D-F9987A887DC6}.RELEASE NET40|Any CPU.ActiveCfg = Release|Any CPU
		{006BFEB7-248B-4999-A81D-F9987A887DC6}.RELEASE NET40|Any CPU.Build.0 = Release|Any CPU
		{006BFEB7-248B-4999-A81D-F9987A887DC6}.RELEASE NET45|Any CPU.ActiveCfg = Release|Any CPU
		{006BFEB7-248B-4999-A81D-F9987A887DC6}.RELEASE NET45|Any CPU.Build.0 = Release|Any CPU
		{006BFEB7-248B-4999-A81D-F9987A887DC6}.Release|Any CPU.ActiveCfg = Release|Any CPU
		{006BFEB7-248B-4999-A81D-F9987A887DC6}.Release|Any CPU.Build.0 = Release|Any CPU
		{5C2EF580-F7EB-4E95-9B25-BC81BDC00500}.Debug|Any CPU.ActiveCfg = Debug|Any CPU
		{5C2EF580-F7EB-4E95-9B25-BC81BDC00500}.Debug|Any CPU.Build.0 = Debug|Any CPU
		{5C2EF580-F7EB-4E95-9B25-BC81BDC00500}.RELEASE NET40|Any CPU.ActiveCfg = Release|Any CPU
		{5C2EF580-F7EB-4E95-9B25-BC81BDC00500}.RELEASE NET40|Any CPU.Build.0 = Release|Any CPU
		{5C2EF580-F7EB-4E95-9B25-BC81BDC00500}.RELEASE NET45|Any CPU.ActiveCfg = Release|Any CPU
		{5C2EF580-F7EB-4E95-9B25-BC81BDC00500}.RELEASE NET45|Any CPU.Build.0 = Release|Any CPU
		{5C2EF580-F7EB-4E95-9B25-BC81BDC00500}.Release|Any CPU.ActiveCfg = Release|Any CPU
		{5C2EF580-F7EB-4E95-9B25-BC81BDC00500}.Release|Any CPU.Build.0 = Release|Any CPU
		{01766685-A673-4004-B032-3A358299DBFB}.Debug|Any CPU.ActiveCfg = Debug|Any CPU
		{01766685-A673-4004-B032-3A358299DBFB}.Debug|Any CPU.Build.0 = Debug|Any CPU
		{01766685-A673-4004-B032-3A358299DBFB}.RELEASE NET40|Any CPU.ActiveCfg = Release|Any CPU
		{01766685-A673-4004-B032-3A358299DBFB}.RELEASE NET40|Any CPU.Build.0 = Release|Any CPU
		{01766685-A673-4004-B032-3A358299DBFB}.RELEASE NET45|Any CPU.ActiveCfg = Release|Any CPU
		{01766685-A673-4004-B032-3A358299DBFB}.RELEASE NET45|Any CPU.Build.0 = Release|Any CPU
		{01766685-A673-4004-B032-3A358299DBFB}.Release|Any CPU.ActiveCfg = Release|Any CPU
		{01766685-A673-4004-B032-3A358299DBFB}.Release|Any CPU.Build.0 = Release|Any CPU
		{0BFDB1F0-7952-4A13-BC2B-D7C52FD29194}.Debug|Any CPU.ActiveCfg = Debug|Any CPU
		{0BFDB1F0-7952-4A13-BC2B-D7C52FD29194}.Debug|Any CPU.Build.0 = Debug|Any CPU
		{0BFDB1F0-7952-4A13-BC2B-D7C52FD29194}.RELEASE NET40|Any CPU.ActiveCfg = Release|Any CPU
		{0BFDB1F0-7952-4A13-BC2B-D7C52FD29194}.RELEASE NET40|Any CPU.Build.0 = Release|Any CPU
		{0BFDB1F0-7952-4A13-BC2B-D7C52FD29194}.RELEASE NET45|Any CPU.ActiveCfg = Release|Any CPU
		{0BFDB1F0-7952-4A13-BC2B-D7C52FD29194}.RELEASE NET45|Any CPU.Build.0 = Release|Any CPU
		{0BFDB1F0-7952-4A13-BC2B-D7C52FD29194}.Release|Any CPU.ActiveCfg = Release|Any CPU
		{0BFDB1F0-7952-4A13-BC2B-D7C52FD29194}.Release|Any CPU.Build.0 = Release|Any CPU
		{B89444DB-BD08-422C-A933-AE5DB433921B}.Debug|Any CPU.ActiveCfg = Debug|Any CPU
		{B89444DB-BD08-422C-A933-AE5DB433921B}.Debug|Any CPU.Build.0 = Debug|Any CPU
		{B89444DB-BD08-422C-A933-AE5DB433921B}.RELEASE NET40|Any CPU.ActiveCfg = Debug|Any CPU
		{B89444DB-BD08-422C-A933-AE5DB433921B}.RELEASE NET40|Any CPU.Build.0 = Debug|Any CPU
		{B89444DB-BD08-422C-A933-AE5DB433921B}.RELEASE NET45|Any CPU.ActiveCfg = Debug|Any CPU
		{B89444DB-BD08-422C-A933-AE5DB433921B}.RELEASE NET45|Any CPU.Build.0 = Debug|Any CPU
		{B89444DB-BD08-422C-A933-AE5DB433921B}.Release|Any CPU.ActiveCfg = Debug|Any CPU
		{B89444DB-BD08-422C-A933-AE5DB433921B}.Release|Any CPU.Build.0 = Debug|Any CPU
		{AC081E13-FE5E-4E86-8CEB-76DEAB491C72}.Debug|Any CPU.ActiveCfg = Debug|Any CPU
		{AC081E13-FE5E-4E86-8CEB-76DEAB491C72}.Debug|Any CPU.Build.0 = Debug|Any CPU
		{AC081E13-FE5E-4E86-8CEB-76DEAB491C72}.RELEASE NET40|Any CPU.ActiveCfg = Release|Any CPU
		{AC081E13-FE5E-4E86-8CEB-76DEAB491C72}.RELEASE NET40|Any CPU.Build.0 = Release|Any CPU
		{AC081E13-FE5E-4E86-8CEB-76DEAB491C72}.RELEASE NET45|Any CPU.ActiveCfg = Release|Any CPU
		{AC081E13-FE5E-4E86-8CEB-76DEAB491C72}.RELEASE NET45|Any CPU.Build.0 = Release|Any CPU
		{AC081E13-FE5E-4E86-8CEB-76DEAB491C72}.Release|Any CPU.ActiveCfg = Release|Any CPU
		{AC081E13-FE5E-4E86-8CEB-76DEAB491C72}.Release|Any CPU.Build.0 = Release|Any CPU
		{A70FD6AF-1586-4F3C-9B85-1D259AE8EFED}.Debug|Any CPU.ActiveCfg = Debug|Any CPU
		{A70FD6AF-1586-4F3C-9B85-1D259AE8EFED}.Debug|Any CPU.Build.0 = Debug|Any CPU
		{A70FD6AF-1586-4F3C-9B85-1D259AE8EFED}.RELEASE NET40|Any CPU.ActiveCfg = Release|Any CPU
		{A70FD6AF-1586-4F3C-9B85-1D259AE8EFED}.RELEASE NET40|Any CPU.Build.0 = Release|Any CPU
		{A70FD6AF-1586-4F3C-9B85-1D259AE8EFED}.RELEASE NET45|Any CPU.ActiveCfg = Release|Any CPU
		{A70FD6AF-1586-4F3C-9B85-1D259AE8EFED}.RELEASE NET45|Any CPU.Build.0 = Release|Any CPU
		{A70FD6AF-1586-4F3C-9B85-1D259AE8EFED}.Release|Any CPU.ActiveCfg = Release|Any CPU
		{A70FD6AF-1586-4F3C-9B85-1D259AE8EFED}.Release|Any CPU.Build.0 = Release|Any CPU
		{6C95A622-D6B9-4FB4-9185-D76D9794CC46}.Debug|Any CPU.ActiveCfg = Debug|Any CPU
		{6C95A622-D6B9-4FB4-9185-D76D9794CC46}.Debug|Any CPU.Build.0 = Debug|Any CPU
		{6C95A622-D6B9-4FB4-9185-D76D9794CC46}.RELEASE NET40|Any CPU.ActiveCfg = Release|Any CPU
		{6C95A622-D6B9-4FB4-9185-D76D9794CC46}.RELEASE NET40|Any CPU.Build.0 = Release|Any CPU
		{6C95A622-D6B9-4FB4-9185-D76D9794CC46}.RELEASE NET45|Any CPU.ActiveCfg = Release|Any CPU
		{6C95A622-D6B9-4FB4-9185-D76D9794CC46}.RELEASE NET45|Any CPU.Build.0 = Release|Any CPU
		{6C95A622-D6B9-4FB4-9185-D76D9794CC46}.Release|Any CPU.ActiveCfg = Release|Any CPU
		{6C95A622-D6B9-4FB4-9185-D76D9794CC46}.Release|Any CPU.Build.0 = Release|Any CPU
		{1011A7B6-0BF4-434B-B90F-E7745047719C}.Debug|Any CPU.ActiveCfg = Debug|Any CPU
		{1011A7B6-0BF4-434B-B90F-E7745047719C}.Debug|Any CPU.Build.0 = Debug|Any CPU
		{1011A7B6-0BF4-434B-B90F-E7745047719C}.RELEASE NET40|Any CPU.ActiveCfg = Release|Any CPU
		{1011A7B6-0BF4-434B-B90F-E7745047719C}.RELEASE NET40|Any CPU.Build.0 = Release|Any CPU
		{1011A7B6-0BF4-434B-B90F-E7745047719C}.RELEASE NET45|Any CPU.ActiveCfg = Release|Any CPU
		{1011A7B6-0BF4-434B-B90F-E7745047719C}.RELEASE NET45|Any CPU.Build.0 = Release|Any CPU
		{1011A7B6-0BF4-434B-B90F-E7745047719C}.Release|Any CPU.ActiveCfg = Release|Any CPU
		{1011A7B6-0BF4-434B-B90F-E7745047719C}.Release|Any CPU.Build.0 = Release|Any CPU
		{2278D0CE-4624-4EAF-A548-190491387CBF}.Debug|Any CPU.ActiveCfg = Debug|Any CPU
		{2278D0CE-4624-4EAF-A548-190491387CBF}.Debug|Any CPU.Build.0 = Debug|Any CPU
		{2278D0CE-4624-4EAF-A548-190491387CBF}.RELEASE NET40|Any CPU.ActiveCfg = Release|Any CPU
		{2278D0CE-4624-4EAF-A548-190491387CBF}.RELEASE NET40|Any CPU.Build.0 = Release|Any CPU
		{2278D0CE-4624-4EAF-A548-190491387CBF}.RELEASE NET45|Any CPU.ActiveCfg = Release|Any CPU
		{2278D0CE-4624-4EAF-A548-190491387CBF}.RELEASE NET45|Any CPU.Build.0 = Release|Any CPU
		{2278D0CE-4624-4EAF-A548-190491387CBF}.Release|Any CPU.ActiveCfg = Release|Any CPU
		{2278D0CE-4624-4EAF-A548-190491387CBF}.Release|Any CPU.Build.0 = Release|Any CPU
		{02F009F8-720B-4CBD-98FF-F2C33F4441D5}.Debug|Any CPU.ActiveCfg = Debug|Any CPU
		{02F009F8-720B-4CBD-98FF-F2C33F4441D5}.Debug|Any CPU.Build.0 = Debug|Any CPU
		{02F009F8-720B-4CBD-98FF-F2C33F4441D5}.RELEASE NET40|Any CPU.ActiveCfg = RELEASE NET40|Any CPU
		{02F009F8-720B-4CBD-98FF-F2C33F4441D5}.RELEASE NET40|Any CPU.Build.0 = RELEASE NET40|Any CPU
		{02F009F8-720B-4CBD-98FF-F2C33F4441D5}.RELEASE NET45|Any CPU.ActiveCfg = RELEASE NET45|Any CPU
		{02F009F8-720B-4CBD-98FF-F2C33F4441D5}.RELEASE NET45|Any CPU.Build.0 = RELEASE NET45|Any CPU
		{02F009F8-720B-4CBD-98FF-F2C33F4441D5}.Release|Any CPU.ActiveCfg = Release|Any CPU
		{02F009F8-720B-4CBD-98FF-F2C33F4441D5}.Release|Any CPU.Build.0 = Release|Any CPU
		{5F6DB58C-BBCF-458C-BD0B-39EAC8FDE47D}.Debug|Any CPU.ActiveCfg = Debug|Any CPU
		{5F6DB58C-BBCF-458C-BD0B-39EAC8FDE47D}.Debug|Any CPU.Build.0 = Debug|Any CPU
		{5F6DB58C-BBCF-458C-BD0B-39EAC8FDE47D}.RELEASE NET40|Any CPU.ActiveCfg = Release|Any CPU
		{5F6DB58C-BBCF-458C-BD0B-39EAC8FDE47D}.RELEASE NET40|Any CPU.Build.0 = Release|Any CPU
		{5F6DB58C-BBCF-458C-BD0B-39EAC8FDE47D}.RELEASE NET45|Any CPU.ActiveCfg = Release|Any CPU
		{5F6DB58C-BBCF-458C-BD0B-39EAC8FDE47D}.RELEASE NET45|Any CPU.Build.0 = Release|Any CPU
		{5F6DB58C-BBCF-458C-BD0B-39EAC8FDE47D}.Release|Any CPU.ActiveCfg = Release|Any CPU
		{5F6DB58C-BBCF-458C-BD0B-39EAC8FDE47D}.Release|Any CPU.Build.0 = Release|Any CPU
		{2A391F75-1438-4526-A134-5329816062B9}.Debug|Any CPU.ActiveCfg = Debug|Any CPU
		{2A391F75-1438-4526-A134-5329816062B9}.Debug|Any CPU.Build.0 = Debug|Any CPU
		{2A391F75-1438-4526-A134-5329816062B9}.RELEASE NET40|Any CPU.ActiveCfg = Release|Any CPU
		{2A391F75-1438-4526-A134-5329816062B9}.RELEASE NET40|Any CPU.Build.0 = Release|Any CPU
		{2A391F75-1438-4526-A134-5329816062B9}.RELEASE NET45|Any CPU.ActiveCfg = Release|Any CPU
		{2A391F75-1438-4526-A134-5329816062B9}.RELEASE NET45|Any CPU.Build.0 = Release|Any CPU
		{2A391F75-1438-4526-A134-5329816062B9}.Release|Any CPU.ActiveCfg = Release|Any CPU
		{2A391F75-1438-4526-A134-5329816062B9}.Release|Any CPU.Build.0 = Release|Any CPU
		{8B0AD5D9-658C-48F1-9B46-24FE60B62933}.Debug|Any CPU.ActiveCfg = Debug|Any CPU
		{8B0AD5D9-658C-48F1-9B46-24FE60B62933}.Debug|Any CPU.Build.0 = Debug|Any CPU
		{8B0AD5D9-658C-48F1-9B46-24FE60B62933}.RELEASE NET40|Any CPU.ActiveCfg = Release|Any CPU
		{8B0AD5D9-658C-48F1-9B46-24FE60B62933}.RELEASE NET40|Any CPU.Build.0 = Release|Any CPU
		{8B0AD5D9-658C-48F1-9B46-24FE60B62933}.RELEASE NET45|Any CPU.ActiveCfg = Release|Any CPU
		{8B0AD5D9-658C-48F1-9B46-24FE60B62933}.RELEASE NET45|Any CPU.Build.0 = Release|Any CPU
		{8B0AD5D9-658C-48F1-9B46-24FE60B62933}.Release|Any CPU.ActiveCfg = Release|Any CPU
		{8B0AD5D9-658C-48F1-9B46-24FE60B62933}.Release|Any CPU.Build.0 = Release|Any CPU
		{11311668-1447-44F7-89AF-DD1834DE0CB6}.Debug|Any CPU.ActiveCfg = Debug|Any CPU
		{11311668-1447-44F7-89AF-DD1834DE0CB6}.Debug|Any CPU.Build.0 = Debug|Any CPU
		{11311668-1447-44F7-89AF-DD1834DE0CB6}.RELEASE NET40|Any CPU.ActiveCfg = Release|Any CPU
		{11311668-1447-44F7-89AF-DD1834DE0CB6}.RELEASE NET40|Any CPU.Build.0 = Release|Any CPU
		{11311668-1447-44F7-89AF-DD1834DE0CB6}.RELEASE NET45|Any CPU.ActiveCfg = Release|Any CPU
		{11311668-1447-44F7-89AF-DD1834DE0CB6}.RELEASE NET45|Any CPU.Build.0 = Release|Any CPU
		{11311668-1447-44F7-89AF-DD1834DE0CB6}.Release|Any CPU.ActiveCfg = Release|Any CPU
		{11311668-1447-44F7-89AF-DD1834DE0CB6}.Release|Any CPU.Build.0 = Release|Any CPU
		{E423EED6-5D6B-463C-A93C-3A38F5243829}.Debug|Any CPU.ActiveCfg = Debug|Any CPU
		{E423EED6-5D6B-463C-A93C-3A38F5243829}.Debug|Any CPU.Build.0 = Debug|Any CPU
		{E423EED6-5D6B-463C-A93C-3A38F5243829}.RELEASE NET40|Any CPU.ActiveCfg = Release|Any CPU
		{E423EED6-5D6B-463C-A93C-3A38F5243829}.RELEASE NET40|Any CPU.Build.0 = Release|Any CPU
		{E423EED6-5D6B-463C-A93C-3A38F5243829}.RELEASE NET45|Any CPU.ActiveCfg = Release|Any CPU
		{E423EED6-5D6B-463C-A93C-3A38F5243829}.RELEASE NET45|Any CPU.Build.0 = Release|Any CPU
		{E423EED6-5D6B-463C-A93C-3A38F5243829}.Release|Any CPU.ActiveCfg = Release|Any CPU
		{E423EED6-5D6B-463C-A93C-3A38F5243829}.Release|Any CPU.Build.0 = Release|Any CPU
		{C7A9DD0E-9D43-4F4E-88CA-1C18D51F896B}.Debug|Any CPU.ActiveCfg = Debug|Any CPU
		{C7A9DD0E-9D43-4F4E-88CA-1C18D51F896B}.Debug|Any CPU.Build.0 = Debug|Any CPU
		{C7A9DD0E-9D43-4F4E-88CA-1C18D51F896B}.RELEASE NET40|Any CPU.ActiveCfg = Release|Any CPU
		{C7A9DD0E-9D43-4F4E-88CA-1C18D51F896B}.RELEASE NET40|Any CPU.Build.0 = Release|Any CPU
		{C7A9DD0E-9D43-4F4E-88CA-1C18D51F896B}.RELEASE NET45|Any CPU.ActiveCfg = Release|Any CPU
		{C7A9DD0E-9D43-4F4E-88CA-1C18D51F896B}.RELEASE NET45|Any CPU.Build.0 = Release|Any CPU
		{C7A9DD0E-9D43-4F4E-88CA-1C18D51F896B}.Release|Any CPU.ActiveCfg = Release|Any CPU
		{C7A9DD0E-9D43-4F4E-88CA-1C18D51F896B}.Release|Any CPU.Build.0 = Release|Any CPU
		{4187ADEF-BA1D-4BAB-BB85-00FAD699855B}.Debug|Any CPU.ActiveCfg = Debug|Any CPU
		{4187ADEF-BA1D-4BAB-BB85-00FAD699855B}.Debug|Any CPU.Build.0 = Debug|Any CPU
		{4187ADEF-BA1D-4BAB-BB85-00FAD699855B}.RELEASE NET40|Any CPU.ActiveCfg = Release|Any CPU
		{4187ADEF-BA1D-4BAB-BB85-00FAD699855B}.RELEASE NET40|Any CPU.Build.0 = Release|Any CPU
		{4187ADEF-BA1D-4BAB-BB85-00FAD699855B}.RELEASE NET45|Any CPU.ActiveCfg = Release|Any CPU
		{4187ADEF-BA1D-4BAB-BB85-00FAD699855B}.RELEASE NET45|Any CPU.Build.0 = Release|Any CPU
		{4187ADEF-BA1D-4BAB-BB85-00FAD699855B}.Release|Any CPU.ActiveCfg = Release|Any CPU
		{4187ADEF-BA1D-4BAB-BB85-00FAD699855B}.Release|Any CPU.Build.0 = Release|Any CPU
		{0945B326-2169-47FB-8C59-B80B47D7955A}.Debug|Any CPU.ActiveCfg = Debug|Any CPU
		{0945B326-2169-47FB-8C59-B80B47D7955A}.Debug|Any CPU.Build.0 = Debug|Any CPU
		{0945B326-2169-47FB-8C59-B80B47D7955A}.RELEASE NET40|Any CPU.ActiveCfg = Release|Any CPU
		{0945B326-2169-47FB-8C59-B80B47D7955A}.RELEASE NET40|Any CPU.Build.0 = Release|Any CPU
		{0945B326-2169-47FB-8C59-B80B47D7955A}.RELEASE NET45|Any CPU.ActiveCfg = Release|Any CPU
		{0945B326-2169-47FB-8C59-B80B47D7955A}.RELEASE NET45|Any CPU.Build.0 = Release|Any CPU
		{0945B326-2169-47FB-8C59-B80B47D7955A}.Release|Any CPU.ActiveCfg = Release|Any CPU
		{0945B326-2169-47FB-8C59-B80B47D7955A}.Release|Any CPU.Build.0 = Release|Any CPU
	EndGlobalSection
	GlobalSection(SolutionProperties) = preSolution
		HideSolutionNode = FALSE
	EndGlobalSection
	GlobalSection(NestedProjects) = preSolution
		{000312FF-A46B-4D64-8FAC-2409713F9D76} = {D123FEB9-AD15-4806-93FE-206651A31794}
		{63EE936D-A41E-44A6-9D04-9125833AC7CB} = {000312FF-A46B-4D64-8FAC-2409713F9D76}
		{6055F233-253B-4E7C-B278-A3494B5C29B0} = {000312FF-A46B-4D64-8FAC-2409713F9D76}
		{A8C7D1B0-9FCB-4056-808E-2EB2A9DB2A4F} = {000312FF-A46B-4D64-8FAC-2409713F9D76}
		{0E6DEF37-1116-4137-9403-6EB28591757D} = {D123FEB9-AD15-4806-93FE-206651A31794}
		{006BFEB7-248B-4999-A81D-F9987A887DC6} = {89824BC2-E103-4227-AE96-413E2D8FF332}
		{5C2EF580-F7EB-4E95-9B25-BC81BDC00500} = {D21C7402-D7F8-4D42-B453-BE8CB4DBCB46}
		{01766685-A673-4004-B032-3A358299DBFB} = {A517BFC1-4EEB-48FA-B0D4-E48C8EC55F8F}
		{0BFDB1F0-7952-4A13-BC2B-D7C52FD29194} = {A517BFC1-4EEB-48FA-B0D4-E48C8EC55F8F}
		{B89444DB-BD08-422C-A933-AE5DB433921B} = {A517BFC1-4EEB-48FA-B0D4-E48C8EC55F8F}
		{AC081E13-FE5E-4E86-8CEB-76DEAB491C72} = {D123FEB9-AD15-4806-93FE-206651A31794}
		{A70FD6AF-1586-4F3C-9B85-1D259AE8EFED} = {D123FEB9-AD15-4806-93FE-206651A31794}
		{6C95A622-D6B9-4FB4-9185-D76D9794CC46} = {89824BC2-E103-4227-AE96-413E2D8FF332}
		{1011A7B6-0BF4-434B-B90F-E7745047719C} = {D21C7402-D7F8-4D42-B453-BE8CB4DBCB46}
		{2278D0CE-4624-4EAF-A548-190491387CBF} = {A517BFC1-4EEB-48FA-B0D4-E48C8EC55F8F}
		{DD720E4A-0B92-411F-A3AC-185C4E2AEAC3} = {D123FEB9-AD15-4806-93FE-206651A31794}
		{02F009F8-720B-4CBD-98FF-F2C33F4441D5} = {DD720E4A-0B92-411F-A3AC-185C4E2AEAC3}
		{5F6DB58C-BBCF-458C-BD0B-39EAC8FDE47D} = {A517BFC1-4EEB-48FA-B0D4-E48C8EC55F8F}
		{9EB6E8A2-36F0-4A45-B630-D0A2E0D71CA5} = {89824BC2-E103-4227-AE96-413E2D8FF332}
		{2A391F75-1438-4526-A134-5329816062B9} = {D123FEB9-AD15-4806-93FE-206651A31794}
		{8B0AD5D9-658C-48F1-9B46-24FE60B62933} = {9EB6E8A2-36F0-4A45-B630-D0A2E0D71CA5}
		{11311668-1447-44F7-89AF-DD1834DE0CB6} = {9EB6E8A2-36F0-4A45-B630-D0A2E0D71CA5}
		{E423EED6-5D6B-463C-A93C-3A38F5243829} = {0B6C6EDE-D11A-4D8F-A1DF-0DC4B935781F}
		{C7A9DD0E-9D43-4F4E-88CA-1C18D51F896B} = {0B6C6EDE-D11A-4D8F-A1DF-0DC4B935781F}
		{4187ADEF-BA1D-4BAB-BB85-00FAD699855B} = {0B6C6EDE-D11A-4D8F-A1DF-0DC4B935781F}
		{0945B326-2169-47FB-8C59-B80B47D7955A} = {0B6C6EDE-D11A-4D8F-A1DF-0DC4B935781F}
	EndGlobalSection
EndGlobal
